
Microsoft Visual Studio Solution File, Format Version 12.00
# Visual Studio Version 17
VisualStudioVersion = 17.6.33723.286
MinimumVisualStudioVersion = 10.0.40219.1
Project("{9A19103F-16F7-4668-BE54-9A1E7A4F7556}") = "StylesDemo", "StylesDemo\StylesDemo.csproj", "{50F69500-A6D3-487D-8241-2A6444D2D752}"
EndProject
Project("{9A19103F-16F7-4668-BE54-9A1E7A4F7556}") = "CollectionViewDemo", "CollectionViewDemo\CollectionViewDemo.csproj", "{108AC386-FFAA-42F5-A4DF-AA59F926387F}"
EndProject
Project("{9A19103F-16F7-4668-BE54-9A1E7A4F7556}") = "MauiCalc", "MauiCalc\MauiCalc.csproj", "{1B842F18-1DF6-4C47-A4BF-CBB5F2566129}"
EndProject
Project("{9A19103F-16F7-4668-BE54-9A1E7A4F7556}") = "MauiVerter", "MauiVerter\MauiVerter.csproj", "{A81C6438-F4A1-4F7F-9B8E-6144002564DA}"
EndProject
Project("{9A19103F-16F7-4668-BE54-9A1E7A4F7556}") = "Tasker", "Tasker\Tasker.csproj", "{B695639A-7B96-440B-BEE4-98CE6FF29616}"
EndProject
Project("{FAE04EC0-301F-11D3-BF4B-00C04F79EFBC}") = "RestDemo", "RestDemo\RestDemo.csproj", "{B2F54C41-CC96-41D7-8433-C26692F56F12}"
EndProject
Global
	GlobalSection(SolutionConfigurationPlatforms) = preSolution
		Debug|Any CPU = Debug|Any CPU
		Release|Any CPU = Release|Any CPU
	EndGlobalSection
	GlobalSection(ProjectConfigurationPlatforms) = postSolution
		{50F69500-A6D3-487D-8241-2A6444D2D752}.Debug|Any CPU.ActiveCfg = Debug|Any CPU
		{50F69500-A6D3-487D-8241-2A6444D2D752}.Release|Any CPU.ActiveCfg = Release|Any CPU
		{108AC386-FFAA-42F5-A4DF-AA59F926387F}.Debug|Any CPU.ActiveCfg = Debug|Any CPU
		{108AC386-FFAA-42F5-A4DF-AA59F926387F}.Release|Any CPU.ActiveCfg = Release|Any CPU
		{1B842F18-1DF6-4C47-A4BF-CBB5F2566129}.Debug|Any CPU.ActiveCfg = Debug|Any CPU
		{1B842F18-1DF6-4C47-A4BF-CBB5F2566129}.Release|Any CPU.ActiveCfg = Release|Any CPU
		{A81C6438-F4A1-4F7F-9B8E-6144002564DA}.Debug|Any CPU.ActiveCfg = Debug|Any CPU
		{A81C6438-F4A1-4F7F-9B8E-6144002564DA}.Release|Any CPU.ActiveCfg = Release|Any CPU
		{B695639A-7B96-440B-BEE4-98CE6FF29616}.Debug|Any CPU.ActiveCfg = Debug|Any CPU
		{B695639A-7B96-440B-BEE4-98CE6FF29616}.Debug|Any CPU.Build.0 = Debug|Any CPU
		{B695639A-7B96-440B-BEE4-98CE6FF29616}.Debug|Any CPU.Deploy.0 = Debug|Any CPU
		{B695639A-7B96-440B-BEE4-98CE6FF29616}.Release|Any CPU.ActiveCfg = Release|Any CPU
		{B695639A-7B96-440B-BEE4-98CE6FF29616}.Release|Any CPU.Build.0 = Release|Any CPU
		{B695639A-7B96-440B-BEE4-98CE6FF29616}.Release|Any CPU.Deploy.0 = Release|Any CPU
		{B2F54C41-CC96-41D7-8433-C26692F56F12}.Debug|Any CPU.ActiveCfg = Debug|Any CPU
		{B2F54C41-CC96-41D7-8433-C26692F56F12}.Debug|Any CPU.Build.0 = Debug|Any CPU
		{B2F54C41-CC96-41D7-8433-C26692F56F12}.Debug|Any CPU.Deploy.0 = Debug|Any CPU
		{B2F54C41-CC96-41D7-8433-C26692F56F12}.Release|Any CPU.ActiveCfg = Release|Any CPU
		{B2F54C41-CC96-41D7-8433-C26692F56F12}.Release|Any CPU.Build.0 = Release|Any CPU
		{B2F54C41-CC96-41D7-8433-C26692F56F12}.Release|Any CPU.Deploy.0 = Release|Any CPU
	EndGlobalSection
	GlobalSection(SolutionProperties) = preSolution
		HideSolutionNode = FALSE
	EndGlobalSection
	GlobalSection(ExtensibilityGlobals) = postSolution
		SolutionGuid = {A3A932D4-01CF-45EF-A4C6-3ED1A0380E77}
	EndGlobalSection
EndGlobal
